
Microsoft Visual Studio Solution File, Format Version 12.00
# Visual Studio Version 17
VisualStudioVersion = 17.3.32929.385
MinimumVisualStudioVersion = 10.0.40219.1
Project("{FAE04EC0-301F-11D3-BF4B-00C04F79EFBC}") = "CodePulse.API", "CodePulse.API\CodePulse.API.csproj", "{38A33224-356A-4AE0-9BCB-C6CE98B7B287}"
EndProject
Global
	GlobalSection(SolutionConfigurationPlatforms) = preSolution
		Debug|Any CPU = Debug|Any CPU
		Release|Any CPU = Release|Any CPU
	EndGlobalSection
	GlobalSection(ProjectConfigurationPlatforms) = postSolution
		{38A33224-356A-4AE0-9BCB-C6CE98B7B287}.Debug|Any CPU.ActiveCfg = Debug|Any CPU
		{38A33224-356A-4AE0-9BCB-C6CE98B7B287}.Debug|Any CPU.Build.0 = Debug|Any CPU
		{38A33224-356A-4AE0-9BCB-C6CE98B7B287}.Release|Any CPU.ActiveCfg = Release|Any CPU
		{38A33224-356A-4AE0-9BCB-C6CE98B7B287}.Release|Any CPU.Build.0 = Release|Any CPU
	EndGlobalSection
	GlobalSection(SolutionProperties) = preSolution
		HideSolutionNode = FALSE
	EndGlobalSection
	GlobalSection(ExtensibilityGlobals) = postSolution
		SolutionGuid = {E58CFCA4-5ED1-40CE-BEA2-2CAA8106C51F}
	EndGlobalSection
EndGlobal
